
Microsoft Visual Studio Solution File, Format Version 12.00
# Visual Studio Version 17
VisualStudioVersion = 17.2.32505.173
MinimumVisualStudioVersion = 10.0.40219.1
Project("{FAE04EC0-301F-11D3-BF4B-00C04F79EFBC}") = "MyDictionary(Console)", "MyDictionary(Console)\MyDictionary(Console).csproj", "{7AFAA89C-1B86-412B-AAF0-2A505C50A996}"
EndProject
Global
	GlobalSection(SolutionConfigurationPlatforms) = preSolution
		Debug|Any CPU = Debug|Any CPU
		Release|Any CPU = Release|Any CPU
	EndGlobalSection
	GlobalSection(ProjectConfigurationPlatforms) = postSolution
		{7AFAA89C-1B86-412B-AAF0-2A505C50A996}.Debug|Any CPU.ActiveCfg = Debug|Any CPU
		{7AFAA89C-1B86-412B-AAF0-2A505C50A996}.Debug|Any CPU.Build.0 = Debug|Any CPU
		{7AFAA89C-1B86-412B-AAF0-2A505C50A996}.Release|Any CPU.ActiveCfg = Release|Any CPU
		{7AFAA89C-1B86-412B-AAF0-2A505C50A996}.Release|Any CPU.Build.0 = Release|Any CPU
	EndGlobalSection
	GlobalSection(SolutionProperties) = preSolution
		HideSolutionNode = FALSE
	EndGlobalSection
	GlobalSection(ExtensibilityGlobals) = postSolution
		SolutionGuid = {F69A22F1-A2A1-474A-8F7D-E7650BEF7357}
	EndGlobalSection
EndGlobal
